
Microsoft Visual Studio Solution File, Format Version 12.00
# Visual Studio 15
VisualStudioVersion = 15.0.28307.168
MinimumVisualStudioVersion = 10.0.40219.1
Project("{FAE04EC0-301F-11D3-BF4B-00C04F79EFBC}") = "Paste.Server", "Paste.Server\Paste.Server.csproj", "{BEDE48AF-6161-4284-A5FF-542B49604A3C}"
EndProject
Project("{FAE04EC0-301F-11D3-BF4B-00C04F79EFBC}") = "Paste.Client", "Paste.Client\Paste.Client.csproj", "{C7630C02-C355-472C-9261-0200280D63D5}"
EndProject
Project("{FAE04EC0-301F-11D3-BF4B-00C04F79EFBC}") = "Paste.Shared", "Paste.Shared\Paste.Shared.csproj", "{281BE557-D409-465E-9A6B-F73C831C3DC8}"
EndProject
Global
	GlobalSection(SolutionConfigurationPlatforms) = preSolution
		Debug|Any CPU = Debug|Any CPU
		Release|Any CPU = Release|Any CPU
	EndGlobalSection
	GlobalSection(ProjectConfigurationPlatforms) = postSolution
		{BEDE48AF-6161-4284-A5FF-542B49604A3C}.Debug|Any CPU.ActiveCfg = Debug|Any CPU
		{BEDE48AF-6161-4284-A5FF-542B49604A3C}.Debug|Any CPU.Build.0 = Debug|Any CPU
		{BEDE48AF-6161-4284-A5FF-542B49604A3C}.Release|Any CPU.ActiveCfg = Release|Any CPU
		{BEDE48AF-6161-4284-A5FF-542B49604A3C}.Release|Any CPU.Build.0 = Release|Any CPU
		{C7630C02-C355-472C-9261-0200280D63D5}.Debug|Any CPU.ActiveCfg = Debug|Any CPU
		{C7630C02-C355-472C-9261-0200280D63D5}.Debug|Any CPU.Build.0 = Debug|Any CPU
		{C7630C02-C355-472C-9261-0200280D63D5}.Release|Any CPU.ActiveCfg = Release|Any CPU
		{C7630C02-C355-472C-9261-0200280D63D5}.Release|Any CPU.Build.0 = Release|Any CPU
		{281BE557-D409-465E-9A6B-F73C831C3DC8}.Debug|Any CPU.ActiveCfg = Debug|Any CPU
		{281BE557-D409-465E-9A6B-F73C831C3DC8}.Debug|Any CPU.Build.0 = Debug|Any CPU
		{281BE557-D409-465E-9A6B-F73C831C3DC8}.Release|Any CPU.ActiveCfg = Release|Any CPU
		{281BE557-D409-465E-9A6B-F73C831C3DC8}.Release|Any CPU.Build.0 = Release|Any CPU
	EndGlobalSection
	GlobalSection(SolutionProperties) = preSolution
		HideSolutionNode = FALSE
	EndGlobalSection
	GlobalSection(ExtensibilityGlobals) = postSolution
		SolutionGuid = {F90E0574-3107-4BC4-A19D-D47477FEBB4F}
	EndGlobalSection
EndGlobal
